// !$*UTF8*$!
{
	archiveVersion = 1;
	classes = {
	};
	objectVersion = 51;
	objects = {

/* Begin PBXBuildFile section */
		867B0ECAF7FC0729BB6CFEC8 /* Pods_QuickUser.framework in Frameworks */ = {isa = PBXBuildFile; fileRef = 332663D2935E7299ED649188 /* Pods_QuickUser.framework */; };
		941B5873249322B500D3D800 /* Dog.swift in Sources */ = {isa = PBXBuildFile; fileRef = 941B5872249322B500D3D800 /* Dog.swift */; };
		941B58792493235300D3D800 /* DogSpecs.swift in Sources */ = {isa = PBXBuildFile; fileRef = 941B58782493235300D3D800 /* DogSpecs.swift */; };
		94B4299C248C8AFC0002104E /* AppDelegate.swift in Sources */ = {isa = PBXBuildFile; fileRef = 94B4299B248C8AFC0002104E /* AppDelegate.swift */; };
		94B4299E248C8AFC0002104E /* SceneDelegate.swift in Sources */ = {isa = PBXBuildFile; fileRef = 94B4299D248C8AFC0002104E /* SceneDelegate.swift */; };
		94B429A0248C8AFC0002104E /* ViewController.swift in Sources */ = {isa = PBXBuildFile; fileRef = 94B4299F248C8AFC0002104E /* ViewController.swift */; };
		94B429A3248C8AFC0002104E /* Main.storyboard in Resources */ = {isa = PBXBuildFile; fileRef = 94B429A1248C8AFC0002104E /* Main.storyboard */; };
		94B429A5248C8AFE0002104E /* Assets.xcassets in Resources */ = {isa = PBXBuildFile; fileRef = 94B429A4248C8AFE0002104E /* Assets.xcassets */; };
		94B429A8248C8AFE0002104E /* LaunchScreen.storyboard in Resources */ = {isa = PBXBuildFile; fileRef = 94B429A6248C8AFE0002104E /* LaunchScreen.storyboard */; };
		94B429B6248C8CEA0002104E /* Specs.swift in Sources */ = {isa = PBXBuildFile; fileRef = 94B429B5248C8CEA0002104E /* Specs.swift */; };
		FEAA265E6966A80C4CCD8756 /* Pods_Specs.framework in Frameworks */ = {isa = PBXBuildFile; fileRef = 2D25772FA8FA8267C89F17A8 /* Pods_Specs.framework */; };
/* End PBXBuildFile section */

/* Begin PBXContainerItemProxy section */
		94B429B8248C8CEA0002104E /* PBXContainerItemProxy */ = {
			isa = PBXContainerItemProxy;
			containerPortal = 94B42990248C8AFC0002104E /* Project object */;
			proxyType = 1;
			remoteGlobalIDString = 94B42997248C8AFC0002104E;
			remoteInfo = QuickUser;
		};
/* End PBXContainerItemProxy section */

/* Begin PBXFileReference section */
		14575E3764A0F2DE3FC36D46 /* Pods-QuickUser.debug.xcconfig */ = {isa = PBXFileReference; includeInIndex = 1; lastKnownFileType = text.xcconfig; name = "Pods-QuickUser.debug.xcconfig"; path = "Target Support Files/Pods-QuickUser/Pods-QuickUser.debug.xcconfig"; sourceTree = "<group>"; };
		2D25772FA8FA8267C89F17A8 /* Pods_Specs.framework */ = {isa = PBXFileReference; explicitFileType = wrapper.framework; includeInIndex = 0; path = Pods_Specs.framework; sourceTree = BUILT_PRODUCTS_DIR; };
		2DB5DFF6D67696E1A3102BAE /* Pods-QuickUser.release.xcconfig */ = {isa = PBXFileReference; includeInIndex = 1; lastKnownFileType = text.xcconfig; name = "Pods-QuickUser.release.xcconfig"; path = "Target Support Files/Pods-QuickUser/Pods-QuickUser.release.xcconfig"; sourceTree = "<group>"; };
		332663D2935E7299ED649188 /* Pods_QuickUser.framework */ = {isa = PBXFileReference; explicitFileType = wrapper.framework; includeInIndex = 0; path = Pods_QuickUser.framework; sourceTree = BUILT_PRODUCTS_DIR; };
		941B5872249322B500D3D800 /* Dog.swift */ = {isa = PBXFileReference; lastKnownFileType = sourcecode.swift; path = Dog.swift; sourceTree = "<group>"; };
		941B58782493235300D3D800 /* DogSpecs.swift */ = {isa = PBXFileReference; lastKnownFileType = sourcecode.swift; path = DogSpecs.swift; sourceTree = "<group>"; };
		94B42998248C8AFC0002104E /* QuickUser.app */ = {isa = PBXFileReference; explicitFileType = wrapper.application; includeInIndex = 0; path = QuickUser.app; sourceTree = BUILT_PRODUCTS_DIR; };
		94B4299B248C8AFC0002104E /* AppDelegate.swift */ = {isa = PBXFileReference; lastKnownFileType = sourcecode.swift; path = AppDelegate.swift; sourceTree = "<group>"; };
		94B4299D248C8AFC0002104E /* SceneDelegate.swift */ = {isa = PBXFileReference; lastKnownFileType = sourcecode.swift; path = SceneDelegate.swift; sourceTree = "<group>"; };
		94B4299F248C8AFC0002104E /* ViewController.swift */ = {isa = PBXFileReference; lastKnownFileType = sourcecode.swift; path = ViewController.swift; sourceTree = "<group>"; };
		94B429A2248C8AFC0002104E /* Base */ = {isa = PBXFileReference; lastKnownFileType = file.storyboard; name = Base; path = Base.lproj/Main.storyboard; sourceTree = "<group>"; };
		94B429A4248C8AFE0002104E /* Assets.xcassets */ = {isa = PBXFileReference; lastKnownFileType = folder.assetcatalog; path = Assets.xcassets; sourceTree = "<group>"; };
		94B429A7248C8AFE0002104E /* Base */ = {isa = PBXFileReference; lastKnownFileType = file.storyboard; name = Base; path = Base.lproj/LaunchScreen.storyboard; sourceTree = "<group>"; };
		94B429A9248C8AFE0002104E /* Info.plist */ = {isa = PBXFileReference; lastKnownFileType = text.plist.xml; path = Info.plist; sourceTree = "<group>"; };
		94B429B3248C8CEA0002104E /* Specs.xctest */ = {isa = PBXFileReference; explicitFileType = wrapper.cfbundle; includeInIndex = 0; path = Specs.xctest; sourceTree = BUILT_PRODUCTS_DIR; };
		94B429B5248C8CEA0002104E /* Specs.swift */ = {isa = PBXFileReference; lastKnownFileType = sourcecode.swift; path = Specs.swift; sourceTree = "<group>"; };
		94B429B7248C8CEA0002104E /* Info.plist */ = {isa = PBXFileReference; lastKnownFileType = text.plist.xml; path = Info.plist; sourceTree = "<group>"; };
		BAC9A23DCF2B6509A9849661 /* Pods-Specs.debug.xcconfig */ = {isa = PBXFileReference; includeInIndex = 1; lastKnownFileType = text.xcconfig; name = "Pods-Specs.debug.xcconfig"; path = "Target Support Files/Pods-Specs/Pods-Specs.debug.xcconfig"; sourceTree = "<group>"; };
		F4B5A37910E47F74E1F64736 /* Pods-Specs.release.xcconfig */ = {isa = PBXFileReference; includeInIndex = 1; lastKnownFileType = text.xcconfig; name = "Pods-Specs.release.xcconfig"; path = "Target Support Files/Pods-Specs/Pods-Specs.release.xcconfig"; sourceTree = "<group>"; };
/* End PBXFileReference section */

/* Begin PBXFrameworksBuildPhase section */
		94B42995248C8AFC0002104E /* Frameworks */ = {
			isa = PBXFrameworksBuildPhase;
			buildActionMask = 2147483647;
			files = (
				867B0ECAF7FC0729BB6CFEC8 /* Pods_QuickUser.framework in Frameworks */,
			);
			runOnlyForDeploymentPostprocessing = 0;
		};
		94B429B0248C8CEA0002104E /* Frameworks */ = {
			isa = PBXFrameworksBuildPhase;
			buildActionMask = 2147483647;
			files = (
				FEAA265E6966A80C4CCD8756 /* Pods_Specs.framework in Frameworks */,
			);
			runOnlyForDeploymentPostprocessing = 0;
		};
/* End PBXFrameworksBuildPhase section */

/* Begin PBXGroup section */
		0F9DC145EACE65F1668334B0 /* Frameworks */ = {
			isa = PBXGroup;
			children = (
				2D25772FA8FA8267C89F17A8 /* Pods_Specs.framework */,
				332663D2935E7299ED649188 /* Pods_QuickUser.framework */,
			);
			name = Frameworks;
			sourceTree = "<group>";
		};
		25E7D38FBA47E5C5D78F94E5 /* Pods */ = {
			isa = PBXGroup;
			children = (
				BAC9A23DCF2B6509A9849661 /* Pods-Specs.debug.xcconfig */,
				F4B5A37910E47F74E1F64736 /* Pods-Specs.release.xcconfig */,
				14575E3764A0F2DE3FC36D46 /* Pods-QuickUser.debug.xcconfig */,
				2DB5DFF6D67696E1A3102BAE /* Pods-QuickUser.release.xcconfig */,
			);
			path = Pods;
			sourceTree = "<group>";
		};
		941B5874249322C200D3D800 /* Resources */ = {
			isa = PBXGroup;
			children = (
				94B429A4248C8AFE0002104E /* Assets.xcassets */,
				94B429A6248C8AFE0002104E /* LaunchScreen.storyboard */,
				94B429A1248C8AFC0002104E /* Main.storyboard */,
			);
			path = Resources;
			sourceTree = "<group>";
		};
		941B5875249322D600D3D800 /* AppLaunch */ = {
			isa = PBXGroup;
			children = (
				94B4299B248C8AFC0002104E /* AppDelegate.swift */,
				94B4299D248C8AFC0002104E /* SceneDelegate.swift */,
				94B4299F248C8AFC0002104E /* ViewController.swift */,
			);
			path = AppLaunch;
			sourceTree = "<group>";
		};
		941B5876249322E900D3D800 /* Demo */ = {
			isa = PBXGroup;
			children = (
				941B5872249322B500D3D800 /* Dog.swift */,
			);
			path = Demo;
			sourceTree = "<group>";
		};
		941B5877249322F300D3D800 /* Supporting Files */ = {
			isa = PBXGroup;
			children = (
				94B429A9248C8AFE0002104E /* Info.plist */,
			);
			path = "Supporting Files";
			sourceTree = "<group>";
		};
		941B587A2493245200D3D800 /* Supporting Files */ = {
			isa = PBXGroup;
			children = (
				94B429B7248C8CEA0002104E /* Info.plist */,
			);
			path = "Supporting Files";
			sourceTree = "<group>";
		};
		941B587B2493247A00D3D800 /* Demo */ = {
			isa = PBXGroup;
			children = (
				941B58782493235300D3D800 /* DogSpecs.swift */,
				94B429B5248C8CEA0002104E /* Specs.swift */,
			);
			path = Demo;
			sourceTree = "<group>";
		};
		94B4298F248C8AFC0002104E = {
			isa = PBXGroup;
			children = (
				94B4299A248C8AFC0002104E /* QuickUser */,
				94B429B4248C8CEA0002104E /* Specs */,
				94B42999248C8AFC0002104E /* Products */,
				25E7D38FBA47E5C5D78F94E5 /* Pods */,
				0F9DC145EACE65F1668334B0 /* Frameworks */,
			);
			sourceTree = "<group>";
		};
		94B42999248C8AFC0002104E /* Products */ = {
			isa = PBXGroup;
			children = (
				94B42998248C8AFC0002104E /* QuickUser.app */,
				94B429B3248C8CEA0002104E /* Specs.xctest */,
			);
			name = Products;
			sourceTree = "<group>";
		};
		94B4299A248C8AFC0002104E /* QuickUser */ = {
			isa = PBXGroup;
			children = (
				941B5875249322D600D3D800 /* AppLaunch */,
				941B5876249322E900D3D800 /* Demo */,
				941B5874249322C200D3D800 /* Resources */,
				941B5877249322F300D3D800 /* Supporting Files */,
			);
			path = QuickUser;
			sourceTree = "<group>";
		};
		94B429B4248C8CEA0002104E /* Specs */ = {
			isa = PBXGroup;
			children = (
				941B587B2493247A00D3D800 /* Demo */,
				941B587A2493245200D3D800 /* Supporting Files */,
			);
			path = Specs;
			sourceTree = "<group>";
		};
/* End PBXGroup section */

/* Begin PBXNativeTarget section */
		94B42997248C8AFC0002104E /* QuickUser */ = {
			isa = PBXNativeTarget;
			buildConfigurationList = 94B429AC248C8AFE0002104E /* Build configuration list for PBXNativeTarget "QuickUser" */;
			buildPhases = (
				F215C6C4D1B205821A935811 /* [CP] Check Pods Manifest.lock */,
				94B42994248C8AFC0002104E /* Sources */,
				94B42995248C8AFC0002104E /* Frameworks */,
				94B42996248C8AFC0002104E /* Resources */,
				421C1B4C0C1B3FC2A14EC4CF /* [CP] Embed Pods Frameworks */,
			);
			buildRules = (
			);
			dependencies = (
			);
			name = QuickUser;
			productName = QuickUser;
			productReference = 94B42998248C8AFC0002104E /* QuickUser.app */;
			productType = "com.apple.product-type.application";
		};
		94B429B2248C8CEA0002104E /* Specs */ = {
			isa = PBXNativeTarget;
			buildConfigurationList = 94B429BC248C8CEA0002104E /* Build configuration list for PBXNativeTarget "Specs" */;
			buildPhases = (
				7740F8CE875A1F368FD4B3B9 /* [CP] Check Pods Manifest.lock */,
				94B429AF248C8CEA0002104E /* Sources */,
				94B429B0248C8CEA0002104E /* Frameworks */,
				94B429B1248C8CEA0002104E /* Resources */,
				F1093DB34FF8182A60AE340C /* [CP] Embed Pods Frameworks */,
			);
			buildRules = (
			);
			dependencies = (
				94B429B9248C8CEA0002104E /* PBXTargetDependency */,
			);
			name = Specs;
			productName = Specs;
			productReference = 94B429B3248C8CEA0002104E /* Specs.xctest */;
			productType = "com.apple.product-type.bundle.unit-test";
		};
/* End PBXNativeTarget section */

/* Begin PBXProject section */
		94B42990248C8AFC0002104E /* Project object */ = {
			isa = PBXProject;
			attributes = {
				LastSwiftUpdateCheck = 1150;
				LastUpgradeCheck = 1150;
				ORGANIZATIONNAME = RKB;
				TargetAttributes = {
					94B42997248C8AFC0002104E = {
						CreatedOnToolsVersion = 11.5;
					};
					94B429B2248C8CEA0002104E = {
						CreatedOnToolsVersion = 11.5;
						TestTargetID = 94B42997248C8AFC0002104E;
					};
				};
			};
			buildConfigurationList = 94B42993248C8AFC0002104E /* Build configuration list for PBXProject "QuickUser" */;
			compatibilityVersion = "Xcode 9.3";
			developmentRegion = en;
			hasScannedForEncodings = 0;
			knownRegions = (
				en,
				Base,
			);
			mainGroup = 94B4298F248C8AFC0002104E;
			productRefGroup = 94B42999248C8AFC0002104E /* Products */;
			projectDirPath = "";
			projectRoot = "";
			targets = (
				94B42997248C8AFC0002104E /* QuickUser */,
				94B429B2248C8CEA0002104E /* Specs */,
			);
		};
/* End PBXProject section */

/* Begin PBXResourcesBuildPhase section */
		94B42996248C8AFC0002104E /* Resources */ = {
			isa = PBXResourcesBuildPhase;
			buildActionMask = 2147483647;
			files = (
				94B429A8248C8AFE0002104E /* LaunchScreen.storyboard in Resources */,
				94B429A5248C8AFE0002104E /* Assets.xcassets in Resources */,
				94B429A3248C8AFC0002104E /* Main.storyboard in Resources */,
			);
			runOnlyForDeploymentPostprocessing = 0;
		};
		94B429B1248C8CEA0002104E /* Resources */ = {
			isa = PBXResourcesBuildPhase;
			buildActionMask = 2147483647;
			files = (
			);
			runOnlyForDeploymentPostprocessing = 0;
		};
/* End PBXResourcesBuildPhase section */

/* Begin PBXShellScriptBuildPhase section */
		421C1B4C0C1B3FC2A14EC4CF /* [CP] Embed Pods Frameworks */ = {
			isa = PBXShellScriptBuildPhase;
			buildActionMask = 2147483647;
			files = (
			);
			inputFileListPaths = (
				"${PODS_ROOT}/Target Support Files/Pods-QuickUser/Pods-QuickUser-frameworks-${CONFIGURATION}-input-files.xcfilelist",
			);
			name = "[CP] Embed Pods Frameworks";
			outputFileListPaths = (
				"${PODS_ROOT}/Target Support Files/Pods-QuickUser/Pods-QuickUser-frameworks-${CONFIGURATION}-output-files.xcfilelist",
			);
			runOnlyForDeploymentPostprocessing = 0;
			shellPath = /bin/sh;
			shellScript = "\"${PODS_ROOT}/Target Support Files/Pods-QuickUser/Pods-QuickUser-frameworks.sh\"\n";
			showEnvVarsInLog = 0;
		};
		7740F8CE875A1F368FD4B3B9 /* [CP] Check Pods Manifest.lock */ = {
			isa = PBXShellScriptBuildPhase;
			buildActionMask = 2147483647;
			files = (
			);
			inputFileListPaths = (
			);
			inputPaths = (
				"${PODS_PODFILE_DIR_PATH}/Podfile.lock",
				"${PODS_ROOT}/Manifest.lock",
			);
			name = "[CP] Check Pods Manifest.lock";
			outputFileListPaths = (
			);
			outputPaths = (
				"$(DERIVED_FILE_DIR)/Pods-Specs-checkManifestLockResult.txt",
			);
			runOnlyForDeploymentPostprocessing = 0;
			shellPath = /bin/sh;
			shellScript = "diff \"${PODS_PODFILE_DIR_PATH}/Podfile.lock\" \"${PODS_ROOT}/Manifest.lock\" > /dev/null\nif [ $? != 0 ] ; then\n    # print error to STDERR\n    echo \"error: The sandbox is not in sync with the Podfile.lock. Run 'pod install' or update your CocoaPods installation.\" >&2\n    exit 1\nfi\n# This output is used by Xcode 'outputs' to avoid re-running this script phase.\necho \"SUCCESS\" > \"${SCRIPT_OUTPUT_FILE_0}\"\n";
			showEnvVarsInLog = 0;
		};
		F1093DB34FF8182A60AE340C /* [CP] Embed Pods Frameworks */ = {
			isa = PBXShellScriptBuildPhase;
			buildActionMask = 2147483647;
			files = (
			);
			inputFileListPaths = (
				"${PODS_ROOT}/Target Support Files/Pods-Specs/Pods-Specs-frameworks-${CONFIGURATION}-input-files.xcfilelist",
			);
			name = "[CP] Embed Pods Frameworks";
			outputFileListPaths = (
				"${PODS_ROOT}/Target Support Files/Pods-Specs/Pods-Specs-frameworks-${CONFIGURATION}-output-files.xcfilelist",
			);
			runOnlyForDeploymentPostprocessing = 0;
			shellPath = /bin/sh;
			shellScript = "\"${PODS_ROOT}/Target Support Files/Pods-Specs/Pods-Specs-frameworks.sh\"\n";
			showEnvVarsInLog = 0;
		};
		F215C6C4D1B205821A935811 /* [CP] Check Pods Manifest.lock */ = {
			isa = PBXShellScriptBuildPhase;
			buildActionMask = 2147483647;
			files = (
			);
			inputFileListPaths = (
			);
			inputPaths = (
				"${PODS_PODFILE_DIR_PATH}/Podfile.lock",
				"${PODS_ROOT}/Manifest.lock",
			);
			name = "[CP] Check Pods Manifest.lock";
			outputFileListPaths = (
			);
			outputPaths = (
				"$(DERIVED_FILE_DIR)/Pods-QuickUser-checkManifestLockResult.txt",
			);
			runOnlyForDeploymentPostprocessing = 0;
			shellPath = /bin/sh;
			shellScript = "diff \"${PODS_PODFILE_DIR_PATH}/Podfile.lock\" \"${PODS_ROOT}/Manifest.lock\" > /dev/null\nif [ $? != 0 ] ; then\n    # print error to STDERR\n    echo \"error: The sandbox is not in sync with the Podfile.lock. Run 'pod install' or update your CocoaPods installation.\" >&2\n    exit 1\nfi\n# This output is used by Xcode 'outputs' to avoid re-running this script phase.\necho \"SUCCESS\" > \"${SCRIPT_OUTPUT_FILE_0}\"\n";
			showEnvVarsInLog = 0;
		};
/* End PBXShellScriptBuildPhase section */

/* Begin PBXSourcesBuildPhase section */
		94B42994248C8AFC0002104E /* Sources */ = {
			isa = PBXSourcesBuildPhase;
			buildActionMask = 2147483647;
			files = (
				94B429A0248C8AFC0002104E /* ViewController.swift in Sources */,
				94B4299C248C8AFC0002104E /* AppDelegate.swift in Sources */,
				941B5873249322B500D3D800 /* Dog.swift in Sources */,
				94B4299E248C8AFC0002104E /* SceneDelegate.swift in Sources */,
			);
			runOnlyForDeploymentPostprocessing = 0;
		};
		94B429AF248C8CEA0002104E /* Sources */ = {
			isa = PBXSourcesBuildPhase;
			buildActionMask = 2147483647;
			files = (
				94B429B6248C8CEA0002104E /* Specs.swift in Sources */,
				941B58792493235300D3D800 /* DogSpecs.swift in Sources */,
			);
			runOnlyForDeploymentPostprocessing = 0;
		};
/* End PBXSourcesBuildPhase section */

/* Begin PBXTargetDependency section */
		94B429B9248C8CEA0002104E /* PBXTargetDependency */ = {
			isa = PBXTargetDependency;
			target = 94B42997248C8AFC0002104E /* QuickUser */;
			targetProxy = 94B429B8248C8CEA0002104E /* PBXContainerItemProxy */;
		};
/* End PBXTargetDependency section */

/* Begin PBXVariantGroup section */
		94B429A1248C8AFC0002104E /* Main.storyboard */ = {
			isa = PBXVariantGroup;
			children = (
				94B429A2248C8AFC0002104E /* Base */,
			);
			name = Main.storyboard;
			sourceTree = "<group>";
		};
		94B429A6248C8AFE0002104E /* LaunchScreen.storyboard */ = {
			isa = PBXVariantGroup;
			children = (
				94B429A7248C8AFE0002104E /* Base */,
			);
			name = LaunchScreen.storyboard;
			sourceTree = "<group>";
		};
/* End PBXVariantGroup section */

/* Begin XCBuildConfiguration section */
		94B429AA248C8AFE0002104E /* Debug */ = {
			isa = XCBuildConfiguration;
			buildSettings = {
				ALWAYS_SEARCH_USER_PATHS = NO;
				CLANG_ANALYZER_NONNULL = YES;
				CLANG_ANALYZER_NUMBER_OBJECT_CONVERSION = YES_AGGRESSIVE;
				CLANG_CXX_LANGUAGE_STANDARD = "gnu++14";
				CLANG_CXX_LIBRARY = "libc++";
				CLANG_ENABLE_MODULES = YES;
				CLANG_ENABLE_OBJC_ARC = YES;
				CLANG_ENABLE_OBJC_WEAK = YES;
				CLANG_WARN_BLOCK_CAPTURE_AUTORELEASING = YES;
				CLANG_WARN_BOOL_CONVERSION = YES;
				CLANG_WARN_COMMA = YES;
				CLANG_WARN_CONSTANT_CONVERSION = YES;
				CLANG_WARN_DEPRECATED_OBJC_IMPLEMENTATIONS = YES;
				CLANG_WARN_DIRECT_OBJC_ISA_USAGE = YES_ERROR;
				CLANG_WARN_DOCUMENTATION_COMMENTS = YES;
				CLANG_WARN_EMPTY_BODY = YES;
				CLANG_WARN_ENUM_CONVERSION = YES;
				CLANG_WARN_INFINITE_RECURSION = YES;
				CLANG_WARN_INT_CONVERSION = YES;
				CLANG_WARN_NON_LITERAL_NULL_CONVERSION = YES;
				CLANG_WARN_OBJC_IMPLICIT_RETAIN_SELF = YES;
				CLANG_WARN_OBJC_LITERAL_CONVERSION = YES;
				CLANG_WARN_OBJC_ROOT_CLASS = YES_ERROR;
				CLANG_WARN_RANGE_LOOP_ANALYSIS = YES;
				CLANG_WARN_STRICT_PROTOTYPES = YES;
				CLANG_WARN_SUSPICIOUS_MOVE = YES;
				CLANG_WARN_UNGUARDED_AVAILABILITY = YES_AGGRESSIVE;
				CLANG_WARN_UNREACHABLE_CODE = YES;
				CLANG_WARN__DUPLICATE_METHOD_MATCH = YES;
				COPY_PHASE_STRIP = NO;
				DEBUG_INFORMATION_FORMAT = dwarf;
				ENABLE_STRICT_OBJC_MSGSEND = YES;
				ENABLE_TESTABILITY = YES;
				GCC_C_LANGUAGE_STANDARD = gnu11;
				GCC_DYNAMIC_NO_PIC = NO;
				GCC_NO_COMMON_BLOCKS = YES;
				GCC_OPTIMIZATION_LEVEL = 0;
				GCC_PREPROCESSOR_DEFINITIONS = (
					"DEBUG=1",
					"$(inherited)",
				);
				GCC_WARN_64_TO_32_BIT_CONVERSION = YES;
				GCC_WARN_ABOUT_RETURN_TYPE = YES_ERROR;
				GCC_WARN_UNDECLARED_SELECTOR = YES;
				GCC_WARN_UNINITIALIZED_AUTOS = YES_AGGRESSIVE;
				GCC_WARN_UNUSED_FUNCTION = YES;
				GCC_WARN_UNUSED_VARIABLE = YES;
				IPHONEOS_DEPLOYMENT_TARGET = 13.5;
				MTL_ENABLE_DEBUG_INFO = INCLUDE_SOURCE;
				MTL_FAST_MATH = YES;
				ONLY_ACTIVE_ARCH = YES;
				SDKROOT = iphoneos;
				SWIFT_ACTIVE_COMPILATION_CONDITIONS = DEBUG;
				SWIFT_OPTIMIZATION_LEVEL = "-Onone";
			};
			name = Debug;
		};
		94B429AB248C8AFE0002104E /* Release */ = {
			isa = XCBuildConfiguration;
			buildSettings = {
				ALWAYS_SEARCH_USER_PATHS = NO;
				CLANG_ANALYZER_NONNULL = YES;
				CLANG_ANALYZER_NUMBER_OBJECT_CONVERSION = YES_AGGRESSIVE;
				CLANG_CXX_LANGUAGE_STANDARD = "gnu++14";
				CLANG_CXX_LIBRARY = "libc++";
				CLANG_ENABLE_MODULES = YES;
				CLANG_ENABLE_OBJC_ARC = YES;
				CLANG_ENABLE_OBJC_WEAK = YES;
				CLANG_WARN_BLOCK_CAPTURE_AUTORELEASING = YES;
				CLANG_WARN_BOOL_CONVERSION = YES;
				CLANG_WARN_COMMA = YES;
				CLANG_WARN_CONSTANT_CONVERSION = YES;
				CLANG_WARN_DEPRECATED_OBJC_IMPLEMENTATIONS = YES;
				CLANG_WARN_DIRECT_OBJC_ISA_USAGE = YES_ERROR;
				CLANG_WARN_DOCUMENTATION_COMMENTS = YES;
				CLANG_WARN_EMPTY_BODY = YES;
				CLANG_WARN_ENUM_CONVERSION = YES;
				CLANG_WARN_INFINITE_RECURSION = YES;
				CLANG_WARN_INT_CONVERSION = YES;
				CLANG_WARN_NON_LITERAL_NULL_CONVERSION = YES;
				CLANG_WARN_OBJC_IMPLICIT_RETAIN_SELF = YES;
				CLANG_WARN_OBJC_LITERAL_CONVERSION = YES;
				CLANG_WARN_OBJC_ROOT_CLASS = YES_ERROR;
				CLANG_WARN_RANGE_LOOP_ANALYSIS = YES;
				CLANG_WARN_STRICT_PROTOTYPES = YES;
				CLANG_WARN_SUSPICIOUS_MOVE = YES;
				CLANG_WARN_UNGUARDED_AVAILABILITY = YES_AGGRESSIVE;
				CLANG_WARN_UNREACHABLE_CODE = YES;
				CLANG_WARN__DUPLICATE_METHOD_MATCH = YES;
				COPY_PHASE_STRIP = NO;
				DEBUG_INFORMATION_FORMAT = "dwarf-with-dsym";
				ENABLE_NS_ASSERTIONS = NO;
				ENABLE_STRICT_OBJC_MSGSEND = YES;
				GCC_C_LANGUAGE_STANDARD = gnu11;
				GCC_NO_COMMON_BLOCKS = YES;
				GCC_WARN_64_TO_32_BIT_CONVERSION = YES;
				GCC_WARN_ABOUT_RETURN_TYPE = YES_ERROR;
				GCC_WARN_UNDECLARED_SELECTOR = YES;
				GCC_WARN_UNINITIALIZED_AUTOS = YES_AGGRESSIVE;
				GCC_WARN_UNUSED_FUNCTION = YES;
				GCC_WARN_UNUSED_VARIABLE = YES;
				IPHONEOS_DEPLOYMENT_TARGET = 13.5;
				MTL_ENABLE_DEBUG_INFO = NO;
				MTL_FAST_MATH = YES;
				SDKROOT = iphoneos;
				SWIFT_COMPILATION_MODE = wholemodule;
				SWIFT_OPTIMIZATION_LEVEL = "-O";
				VALIDATE_PRODUCT = YES;
			};
			name = Release;
		};
		94B429AD248C8AFE0002104E /* Debug */ = {
			isa = XCBuildConfiguration;
			baseConfigurationReference = 14575E3764A0F2DE3FC36D46 /* Pods-QuickUser.debug.xcconfig */;
			buildSettings = {
				ASSETCATALOG_COMPILER_APPICON_NAME = AppIcon;
				CODE_SIGN_STYLE = Manual;
				DEVELOPMENT_TEAM = N/A;
				INFOPLIST_FILE = "QuickUser/Supporting Files/Info.plist";
				LD_RUNPATH_SEARCH_PATHS = (
					"$(inherited)",
					"@executable_path/Frameworks",
				);
				PRODUCT_BUNDLE_IDENTIFIER = na.QuickUser;
				PRODUCT_NAME = "$(TARGET_NAME)";
				PROVISIONING_PROFILE_SPECIFIER = "";
				SWIFT_VERSION = 5.0;
				TARGETED_DEVICE_FAMILY = "1,2";
			};
			name = Debug;
		};
		94B429AE248C8AFE0002104E /* Release */ = {
			isa = XCBuildConfiguration;
			baseConfigurationReference = 2DB5DFF6D67696E1A3102BAE /* Pods-QuickUser.release.xcconfig */;
			buildSettings = {
				ASSETCATALOG_COMPILER_APPICON_NAME = AppIcon;
				CODE_SIGN_STYLE = Manual;
				DEVELOPMENT_TEAM = N/A;
				INFOPLIST_FILE = "QuickUser/Supporting Files/Info.plist";
				LD_RUNPATH_SEARCH_PATHS = (
					"$(inherited)",
					"@executable_path/Frameworks",
				);
				PRODUCT_BUNDLE_IDENTIFIER = na.QuickUser;
				PRODUCT_NAME = "$(TARGET_NAME)";
				PROVISIONING_PROFILE_SPECIFIER = "";
				SWIFT_VERSION = 5.0;
				TARGETED_DEVICE_FAMILY = "1,2";
			};
			name = Release;
		};
		94B429BA248C8CEA0002104E /* Debug */ = {
			isa = XCBuildConfiguration;
			baseConfigurationReference = BAC9A23DCF2B6509A9849661 /* Pods-Specs.debug.xcconfig */;
			buildSettings = {
				BUNDLE_LOADER = "$(TEST_HOST)";
				CODE_SIGN_STYLE = Manual;
				DEVELOPMENT_TEAM = "";
				INFOPLIST_FILE = "Specs/Supporting FIles/Info.plist";
				LD_RUNPATH_SEARCH_PATHS = (
					"$(inherited)",
					"@executable_path/Frameworks",
					"@loader_path/Frameworks",
				);
				PRODUCT_BUNDLE_IDENTIFIER = na.Specs;
				PRODUCT_NAME = "$(TARGET_NAME)";
				PROVISIONING_PROFILE_SPECIFIER = "";
				"PROVISIONING_PROFILE_SPECIFIER[sdk=macosx*]" = "";
				SWIFT_VERSION = 5.0;
				TARGETED_DEVICE_FAMILY = "1,2";
				TEST_HOST = "$(BUILT_PRODUCTS_DIR)/QuickUser.app/QuickUser";
			};
			name = Debug;
		};
		94B429BB248C8CEA0002104E /* Release */ = {
			isa = XCBuildConfiguration;
			baseConfigurationReference = F4B5A37910E47F74E1F64736 /* Pods-Specs.release.xcconfig */;
			buildSettings = {
				BUNDLE_LOADER = "$(TEST_HOST)";
				CODE_SIGN_STYLE = Manual;
				DEVELOPMENT_TEAM = "";
				INFOPLIST_FILE = "Specs/Supporting FIles/Info.plist";
				LD_RUNPATH_SEARCH_PATHS = (
					"$(inherited)",
					"@executable_path/Frameworks",
					"@loader_path/Frameworks",
				);
				PRODUCT_BUNDLE_IDENTIFIER = na.Specs;
				PRODUCT_NAME = "$(TARGET_NAME)";
				PROVISIONING_PROFILE_SPECIFIER = "";
				"PROVISIONING_PROFILE_SPECIFIER[sdk=macosx*]" = "";
				SWIFT_VERSION = 5.0;
				TARGETED_DEVICE_FAMILY = "1,2";
				TEST_HOST = "$(BUILT_PRODUCTS_DIR)/QuickUser.app/QuickUser";
			};
			name = Release;
		};
/* End XCBuildConfiguration section */

/* Begin XCConfigurationList section */
		94B42993248C8AFC0002104E /* Build configuration list for PBXProject "QuickUser" */ = {
			isa = XCConfigurationList;
			buildConfigurations = (
				94B429AA248C8AFE0002104E /* Debug */,
				94B429AB248C8AFE0002104E /* Release */,
			);
			defaultConfigurationIsVisible = 0;
			defaultConfigurationName = Release;
		};
		94B429AC248C8AFE0002104E /* Build configuration list for PBXNativeTarget "QuickUser" */ = {
			isa = XCConfigurationList;
			buildConfigurations = (
				94B429AD248C8AFE0002104E /* Debug */,
				94B429AE248C8AFE0002104E /* Release */,
			);
			defaultConfigurationIsVisible = 0;
			defaultConfigurationName = Release;
		};
		94B429BC248C8CEA0002104E /* Build configuration list for PBXNativeTarget "Specs" */ = {
			isa = XCConfigurationList;
			buildConfigurations = (
				94B429BA248C8CEA0002104E /* Debug */,
				94B429BB248C8CEA0002104E /* Release */,
			);
			defaultConfigurationIsVisible = 0;
			defaultConfigurationName = Release;
		};
/* End XCConfigurationList section */
	};
	rootObject = 94B42990248C8AFC0002104E /* Project object */;
}
